
Microsoft Visual Studio Solution File, Format Version 12.00
# Visual Studio 14
VisualStudioVersion = 14.0.25420.1
MinimumVisualStudioVersion = 10.0.40219.1
Project("{FAE04EC0-301F-11D3-BF4B-00C04F79EFBC}") = "ActiveSolution.Domain", "ActiveSolution.Domain\ActiveSolution.Domain.csproj", "{D00C660B-214F-46F3-AB61-0672D5BD4F84}"
EndProject
Global
	GlobalSection(SolutionConfigurationPlatforms) = preSolution
		Debug|Any CPU = Debug|Any CPU
		Release|Any CPU = Release|Any CPU
	EndGlobalSection
	GlobalSection(ProjectConfigurationPlatforms) = postSolution
		{D00C660B-214F-46F3-AB61-0672D5BD4F84}.Debug|Any CPU.ActiveCfg = Debug|Any CPU
		{D00C660B-214F-46F3-AB61-0672D5BD4F84}.Debug|Any CPU.Build.0 = Debug|Any CPU
		{D00C660B-214F-46F3-AB61-0672D5BD4F84}.Release|Any CPU.ActiveCfg = Release|Any CPU
		{D00C660B-214F-46F3-AB61-0672D5BD4F84}.Release|Any CPU.Build.0 = Release|Any CPU
	EndGlobalSection
	GlobalSection(SolutionProperties) = preSolution
		HideSolutionNode = FALSE
	EndGlobalSection
EndGlobal
